PODS:
  - Alamofire (4.8.0)
  - Chrysan (1.4.0)
  - Hero (1.4.0)
  - Kingfisher (5.0.1)
  - NewPopMenu (2.1.2)
  - SwiftyJSON (4.2.0)

DEPENDENCIES:
  - Alamofire
  - Chrysan
  - Hero
  - Kingfisher
  - NewPopMenu
  - SwiftyJSON

SPEC REPOS:
  https://github.com/cocoapods/specs.git:
    - Alamofire
    - Chrysan
    - Hero
    - Kingfisher
    - NewPopMenu
    - SwiftyJSON

SPEC CHECKSUMS:
  Alamofire: 3ec537f71edc9804815215393ae2b1a8ea33a844
  Chrysan: 14c23bd647d5adaef5e3cd796dd5c51d2f7b451f
  Hero: bac92350d7201a1a940003e0767c7b52ce7c99a1
  Kingfisher: 4f771421b9208185217550528a06fd48756cb7c2
  NewPopMenu: c6129e08e8192f6257ceb5f9a4357e1b59c6e2e7
  SwiftyJSON: c4bcba26dd9ec7a027fc8eade48e2c911f229e96

PODFILE CHECKSUM: 29c7e8385a493de129c042940629304879f9450b

COCOAPODS: 1.5.3
